// !$*UTF8*$!
{
	archiveVersion = 1;
	classes = {
	};
	objectVersion = 55;
	objects = {

/* Begin PBXBuildFile section */
		050BED929A8E352C7D299928 /* libPods-CandidateTest.a in Frameworks */ = {isa = PBXBuildFile; fileRef = 2AAD5CF64729AC832A85AA6C /* libPods-CandidateTest.a */; };
		EB9188BD9567274AD2F9BBEA /* libPods-CandidateTestTests.a in Frameworks */ = {isa = PBXBuildFile; fileRef = 467151B08DD821BD6FB95F4C /* libPods-CandidateTestTests.a */; };
		EEBFC92428B108C3007AEF5D /* AppDelegate.swift in Sources */ = {isa = PBXBuildFile; fileRef = EEBFC92328B108C3007AEF5D /* AppDelegate.swift */; };
		EEBFC92D28B108C5007AEF5D /* Assets.xcassets in Resources */ = {isa = PBXBuildFile; fileRef = EEBFC92C28B108C5007AEF5D /* Assets.xcassets */; };
		EEBFC93028B108C5007AEF5D /* LaunchScreen.storyboard in Resources */ = {isa = PBXBuildFile; fileRef = EEBFC92E28B108C5007AEF5D /* LaunchScreen.storyboard */; };
		EEBFC93B28B108C5007AEF5D /* CandidateTestTests.swift in Sources */ = {isa = PBXBuildFile; fileRef = EEBFC93A28B108C5007AEF5D /* CandidateTestTests.swift */; };
		EEBFC94528B108C5007AEF5D /* CandidateTestUITests.swift in Sources */ = {isa = PBXBuildFile; fileRef = EEBFC94428B108C5007AEF5D /* CandidateTestUITests.swift */; };
		EEBFC94728B108C5007AEF5D /* CandidateTestUITestsLaunchTests.swift in Sources */ = {isa = PBXBuildFile; fileRef = EEBFC94628B108C5007AEF5D /* CandidateTestUITestsLaunchTests.swift */; };
		EEBFC95D28B1DAF2007AEF5D /* GiftListVM.swift in Sources */ = {isa = PBXBuildFile; fileRef = EEBFC95C28B1DAF2007AEF5D /* GiftListVM.swift */; };
		EEBFC95F28B1DAFE007AEF5D /* Gift.swift in Sources */ = {isa = PBXBuildFile; fileRef = EEBFC95E28B1DAFE007AEF5D /* Gift.swift */; };
		EEBFC96128B1DB25007AEF5D /* GiftListVC.swift in Sources */ = {isa = PBXBuildFile; fileRef = EEBFC96028B1DB25007AEF5D /* GiftListVC.swift */; };
		EEBFC96328B1DB42007AEF5D /* DetailOfGiftVM.swift in Sources */ = {isa = PBXBuildFile; fileRef = EEBFC96228B1DB42007AEF5D /* DetailOfGiftVM.swift */; };
		EEBFC96528B1DB60007AEF5D /* DetailOfGiftVC.swift in Sources */ = {isa = PBXBuildFile; fileRef = EEBFC96428B1DB60007AEF5D /* DetailOfGiftVC.swift */; };
		EEBFC96828B1DEF2007AEF5D /* CellForGiftList.swift in Sources */ = {isa = PBXBuildFile; fileRef = EEBFC96728B1DEF2007AEF5D /* CellForGiftList.swift */; };
		EEBFC97228B1E05B007AEF5D /* PSJsonEncDec.swift in Sources */ = {isa = PBXBuildFile; fileRef = EEBFC96C28B1E05B007AEF5D /* PSJsonEncDec.swift */; };
		EEBFC97328B1E05B007AEF5D /* PSConfiguration.swift in Sources */ = {isa = PBXBuildFile; fileRef = EEBFC96D28B1E05B007AEF5D /* PSConfiguration.swift */; };
		EEBFC97428B1E05B007AEF5D /* APIManager.swift in Sources */ = {isa = PBXBuildFile; fileRef = EEBFC96E28B1E05B007AEF5D /* APIManager.swift */; };
		EEBFC97528B1E05B007AEF5D /* PSJsonRequest.swift in Sources */ = {isa = PBXBuildFile; fileRef = EEBFC96F28B1E05B007AEF5D /* PSJsonRequest.swift */; };
		EEBFC97628B1E05B007AEF5D /* ExtensionViews.swift in Sources */ = {isa = PBXBuildFile; fileRef = EEBFC97128B1E05B007AEF5D /* ExtensionViews.swift */; };
		EEBFC97C28B21E79007AEF5D /* PSRefresher.swift in Sources */ = {isa = PBXBuildFile; fileRef = EEBFC97B28B21E79007AEF5D /* PSRefresher.swift */; };
/* End PBXBuildFile section */

/* Begin PBXContainerItemProxy section */
		EEBFC93728B108C5007AEF5D /* PBXContainerItemProxy */ = {
			isa = PBXContainerItemProxy;
			containerPortal = EEBFC91828B108C3007AEF5D /* Project object */;
			proxyType = 1;
			remoteGlobalIDString = EEBFC91F28B108C3007AEF5D;
			remoteInfo = CandidateTest;
		};
		EEBFC94128B108C5007AEF5D /* PBXContainerItemProxy */ = {
			isa = PBXContainerItemProxy;
			containerPortal = EEBFC91828B108C3007AEF5D /* Project object */;
			proxyType = 1;
			remoteGlobalIDString = EEBFC91F28B108C3007AEF5D;
			remoteInfo = CandidateTest;
		};
/* End PBXContainerItemProxy section */

/* Begin PBXFileReference section */
		0207151CEA42B95EB90413A5 /* Pods-CandidateTestTests.debug.xcconfig */ = {isa = PBXFileReference; includeInIndex = 1; lastKnownFileType = text.xcconfig; name = "Pods-CandidateTestTests.debug.xcconfig"; path = "Target Support Files/Pods-CandidateTestTests/Pods-CandidateTestTests.debug.xcconfig"; sourceTree = "<group>"; };
		2AAD5CF64729AC832A85AA6C /* libPods-CandidateTest.a */ = {isa = PBXFileReference; explicitFileType = archive.ar; includeInIndex = 0; path = "libPods-CandidateTest.a"; sourceTree = BUILT_PRODUCTS_DIR; };
		467151B08DD821BD6FB95F4C /* libPods-CandidateTestTests.a */ = {isa = PBXFileReference; explicitFileType = archive.ar; includeInIndex = 0; path = "libPods-CandidateTestTests.a"; sourceTree = BUILT_PRODUCTS_DIR; };
		5E76D31B0465F1A50733D548 /* Pods-CandidateTestTests.release.xcconfig */ = {isa = PBXFileReference; includeInIndex = 1; lastKnownFileType = text.xcconfig; name = "Pods-CandidateTestTests.release.xcconfig"; path = "Target Support Files/Pods-CandidateTestTests/Pods-CandidateTestTests.release.xcconfig"; sourceTree = "<group>"; };
		7CA63325C1FDA4EA1BF8FB98 /* Pods-CandidateTest.release.xcconfig */ = {isa = PBXFileReference; includeInIndex = 1; lastKnownFileType = text.xcconfig; name = "Pods-CandidateTest.release.xcconfig"; path = "Target Support Files/Pods-CandidateTest/Pods-CandidateTest.release.xcconfig"; sourceTree = "<group>"; };
		D0716A2CCE1CFC4819E332C4 /* Pods-CandidateTest.debug.xcconfig */ = {isa = PBXFileReference; includeInIndex = 1; lastKnownFileType = text.xcconfig; name = "Pods-CandidateTest.debug.xcconfig"; path = "Target Support Files/Pods-CandidateTest/Pods-CandidateTest.debug.xcconfig"; sourceTree = "<group>"; };
		EEBFC92028B108C3007AEF5D /* CandidateTest.app */ = {isa = PBXFileReference; explicitFileType = wrapper.application; includeInIndex = 0; path = CandidateTest.app; sourceTree = BUILT_PRODUCTS_DIR; };
		EEBFC92328B108C3007AEF5D /* AppDelegate.swift */ = {isa = PBXFileReference; lastKnownFileType = sourcecode.swift; path = AppDelegate.swift; sourceTree = "<group>"; };
		EEBFC92C28B108C5007AEF5D /* Assets.xcassets */ = {isa = PBXFileReference; lastKnownFileType = folder.assetcatalog; path = Assets.xcassets; sourceTree = "<group>"; };
		EEBFC92F28B108C5007AEF5D /* Base */ = {isa = PBXFileReference; lastKnownFileType = file.storyboard; name = Base; path = Base.lproj/LaunchScreen.storyboard; sourceTree = "<group>"; };
		EEBFC93128B108C5007AEF5D /* Info.plist */ = {isa = PBXFileReference; lastKnownFileType = text.plist.xml; path = Info.plist; sourceTree = "<group>"; };
		EEBFC93628B108C5007AEF5D /* CandidateTestTests.xctest */ = {isa = PBXFileReference; explicitFileType = wrapper.cfbundle; includeInIndex = 0; path = CandidateTestTests.xctest; sourceTree = BUILT_PRODUCTS_DIR; };
		EEBFC93A28B108C5007AEF5D /* CandidateTestTests.swift */ = {isa = PBXFileReference; lastKnownFileType = sourcecode.swift; path = CandidateTestTests.swift; sourceTree = "<group>"; };
		EEBFC94028B108C5007AEF5D /* CandidateTestUITests.xctest */ = {isa = PBXFileReference; explicitFileType = wrapper.cfbundle; includeInIndex = 0; path = CandidateTestUITests.xctest; sourceTree = BUILT_PRODUCTS_DIR; };
		EEBFC94428B108C5007AEF5D /* CandidateTestUITests.swift */ = {isa = PBXFileReference; lastKnownFileType = sourcecode.swift; path = CandidateTestUITests.swift; sourceTree = "<group>"; };
		EEBFC94628B108C5007AEF5D /* CandidateTestUITestsLaunchTests.swift */ = {isa = PBXFileReference; lastKnownFileType = sourcecode.swift; path = CandidateTestUITestsLaunchTests.swift; sourceTree = "<group>"; };
		EEBFC95C28B1DAF2007AEF5D /* GiftListVM.swift */ = {isa = PBXFileReference; lastKnownFileType = sourcecode.swift; path = GiftListVM.swift; sourceTree = "<group>"; };
		EEBFC95E28B1DAFE007AEF5D /* Gift.swift */ = {isa = PBXFileReference; lastKnownFileType = sourcecode.swift; path = Gift.swift; sourceTree = "<group>"; };
		EEBFC96028B1DB25007AEF5D /* GiftListVC.swift */ = {isa = PBXFileReference; lastKnownFileType = sourcecode.swift; path = GiftListVC.swift; sourceTree = "<group>"; };
		EEBFC96228B1DB42007AEF5D /* DetailOfGiftVM.swift */ = {isa = PBXFileReference; lastKnownFileType = sourcecode.swift; path = DetailOfGiftVM.swift; sourceTree = "<group>"; };
		EEBFC96428B1DB60007AEF5D /* DetailOfGiftVC.swift */ = {isa = PBXFileReference; lastKnownFileType = sourcecode.swift; path = DetailOfGiftVC.swift; sourceTree = "<group>"; };
		EEBFC96728B1DEF2007AEF5D /* CellForGiftList.swift */ = {isa = PBXFileReference; lastKnownFileType = sourcecode.swift; path = CellForGiftList.swift; sourceTree = "<group>"; };
		EEBFC96C28B1E05B007AEF5D /* PSJsonEncDec.swift */ = {isa = PBXFileReference; fileEncoding = 4; lastKnownFileType = sourcecode.swift; path = PSJsonEncDec.swift; sourceTree = "<group>"; };
		EEBFC96D28B1E05B007AEF5D /* PSConfiguration.swift */ = {isa = PBXFileReference; fileEncoding = 4; lastKnownFileType = sourcecode.swift; path = PSConfiguration.swift; sourceTree = "<group>"; };
		EEBFC96E28B1E05B007AEF5D /* APIManager.swift */ = {isa = PBXFileReference; fileEncoding = 4; lastKnownFileType = sourcecode.swift; path = APIManager.swift; sourceTree = "<group>"; };
		EEBFC96F28B1E05B007AEF5D /* PSJsonRequest.swift */ = {isa = PBXFileReference; fileEncoding = 4; lastKnownFileType = sourcecode.swift; path = PSJsonRequest.swift; sourceTree = "<group>"; };
		EEBFC97128B1E05B007AEF5D /* ExtensionViews.swift */ = {isa = PBXFileReference; fileEncoding = 4; lastKnownFileType = sourcecode.swift; path = ExtensionViews.swift; sourceTree = "<group>"; };
		EEBFC97B28B21E79007AEF5D /* PSRefresher.swift */ = {isa = PBXFileReference; lastKnownFileType = sourcecode.swift; path = PSRefresher.swift; sourceTree = "<group>"; };
/* End PBXFileReference section */

/* Begin PBXFrameworksBuildPhase section */
		EEBFC91D28B108C3007AEF5D /* Frameworks */ = {
			isa = PBXFrameworksBuildPhase;
			buildActionMask = 2147483647;
			files = (
				050BED929A8E352C7D299928 /* libPods-CandidateTest.a in Frameworks */,
			);
			runOnlyForDeploymentPostprocessing = 0;
		};
		EEBFC93328B108C5007AEF5D /* Frameworks */ = {
			isa = PBXFrameworksBuildPhase;
			buildActionMask = 2147483647;
			files = (
				EB9188BD9567274AD2F9BBEA /* libPods-CandidateTestTests.a in Frameworks */,
			);
			runOnlyForDeploymentPostprocessing = 0;
		};
		EEBFC93D28B108C5007AEF5D /* Frameworks */ = {
			isa = PBXFrameworksBuildPhase;
			buildActionMask = 2147483647;
			files = (
			);
			runOnlyForDeploymentPostprocessing = 0;
		};
/* End PBXFrameworksBuildPhase section */

/* Begin PBXGroup section */
		79239EF34454F359ED18D536 /* Frameworks */ = {
			isa = PBXGroup;
			children = (
				2AAD5CF64729AC832A85AA6C /* libPods-CandidateTest.a */,
				467151B08DD821BD6FB95F4C /* libPods-CandidateTestTests.a */,
			);
			name = Frameworks;
			sourceTree = "<group>";
		};
		D195A51A7792773D484A4C9E /* Pods */ = {
			isa = PBXGroup;
			children = (
				D0716A2CCE1CFC4819E332C4 /* Pods-CandidateTest.debug.xcconfig */,
				7CA63325C1FDA4EA1BF8FB98 /* Pods-CandidateTest.release.xcconfig */,
				0207151CEA42B95EB90413A5 /* Pods-CandidateTestTests.debug.xcconfig */,
				5E76D31B0465F1A50733D548 /* Pods-CandidateTestTests.release.xcconfig */,
			);
			path = Pods;
			sourceTree = "<group>";
		};
		EEBFC91728B108C3007AEF5D = {
			isa = PBXGroup;
			children = (
				EEBFC92228B108C3007AEF5D /* CandidateTest */,
				EEBFC93928B108C5007AEF5D /* CandidateTestTests */,
				EEBFC94328B108C5007AEF5D /* CandidateTestUITests */,
				EEBFC92128B108C3007AEF5D /* Products */,
				D195A51A7792773D484A4C9E /* Pods */,
				79239EF34454F359ED18D536 /* Frameworks */,
			);
			sourceTree = "<group>";
		};
		EEBFC92128B108C3007AEF5D /* Products */ = {
			isa = PBXGroup;
			children = (
				EEBFC92028B108C3007AEF5D /* CandidateTest.app */,
				EEBFC93628B108C5007AEF5D /* CandidateTestTests.xctest */,
				EEBFC94028B108C5007AEF5D /* CandidateTestUITests.xctest */,
			);
			name = Products;
			sourceTree = "<group>";
		};
		EEBFC92228B108C3007AEF5D /* CandidateTest */ = {
			isa = PBXGroup;
			children = (
				EEBFC95328B10C58007AEF5D /* Screens */,
				EEBFC96928B1E05B007AEF5D /* Helper */,
				EEBFC97928B1E0D6007AEF5D /* SupportingFiles */,
				EEBFC97728B1E083007AEF5D /* Resources */,
			);
			path = CandidateTest;
			sourceTree = "<group>";
		};
		EEBFC93928B108C5007AEF5D /* CandidateTestTests */ = {
			isa = PBXGroup;
			children = (
				EEBFC93A28B108C5007AEF5D /* CandidateTestTests.swift */,
			);
			path = CandidateTestTests;
			sourceTree = "<group>";
		};
		EEBFC94328B108C5007AEF5D /* CandidateTestUITests */ = {
			isa = PBXGroup;
			children = (
				EEBFC94428B108C5007AEF5D /* CandidateTestUITests.swift */,
				EEBFC94628B108C5007AEF5D /* CandidateTestUITestsLaunchTests.swift */,
			);
			path = CandidateTestUITests;
			sourceTree = "<group>";
		};
		EEBFC95328B10C58007AEF5D /* Screens */ = {
			isa = PBXGroup;
			children = (
				EEBFC95428B10C63007AEF5D /* GiftsList */,
				EEBFC95528B10CFC007AEF5D /* DetailOfGift */,
			);
			path = Screens;
			sourceTree = "<group>";
		};
		EEBFC95428B10C63007AEF5D /* GiftsList */ = {
			isa = PBXGroup;
			children = (
				EEBFC95728B1D923007AEF5D /* Model */,
				EEBFC95628B1D880007AEF5D /* ViewModel */,
				EEBFC95828B1D92A007AEF5D /* View */,
			);
			path = GiftsList;
			sourceTree = "<group>";
		};
		EEBFC95528B10CFC007AEF5D /* DetailOfGift */ = {
			isa = PBXGroup;
			children = (
				EEBFC95A28B1D93E007AEF5D /* ViewModel */,
				EEBFC95928B1D938007AEF5D /* View */,
			);
			path = DetailOfGift;
			sourceTree = "<group>";
		};
		EEBFC95628B1D880007AEF5D /* ViewModel */ = {
			isa = PBXGroup;
			children = (
				EEBFC95C28B1DAF2007AEF5D /* GiftListVM.swift */,
			);
			path = ViewModel;
			sourceTree = "<group>";
		};
		EEBFC95728B1D923007AEF5D /* Model */ = {
			isa = PBXGroup;
			children = (
				EEBFC95E28B1DAFE007AEF5D /* Gift.swift */,
			);
			path = Model;
			sourceTree = "<group>";
		};
		EEBFC95828B1D92A007AEF5D /* View */ = {
			isa = PBXGroup;
			children = (
				EEBFC96628B1DED9007AEF5D /* CellForGiftList */,
				EEBFC96028B1DB25007AEF5D /* GiftListVC.swift */,
			);
			path = View;
			sourceTree = "<group>";
		};
		EEBFC95928B1D938007AEF5D /* View */ = {
			isa = PBXGroup;
			children = (
				EEBFC96428B1DB60007AEF5D /* DetailOfGiftVC.swift */,
			);
			path = View;
			sourceTree = "<group>";
		};
		EEBFC95A28B1D93E007AEF5D /* ViewModel */ = {
			isa = PBXGroup;
			children = (
				EEBFC96228B1DB42007AEF5D /* DetailOfGiftVM.swift */,
			);
			path = ViewModel;
			sourceTree = "<group>";
		};
		EEBFC96628B1DED9007AEF5D /* CellForGiftList */ = {
			isa = PBXGroup;
			children = (
				EEBFC96728B1DEF2007AEF5D /* CellForGiftList.swift */,
			);
			path = CellForGiftList;
			sourceTree = "<group>";
		};
		EEBFC96928B1E05B007AEF5D /* Helper */ = {
			isa = PBXGroup;
			children = (
				EEBFC96A28B1E05B007AEF5D /* ReusableComponents */,
				EEBFC97028B1E05B007AEF5D /* Extensions */,
			);
			path = Helper;
			sourceTree = "<group>";
		};
		EEBFC96A28B1E05B007AEF5D /* ReusableComponents */ = {
			isa = PBXGroup;
			children = (
				EEBFC97A28B21E61007AEF5D /* PSRefresher */,
				EEBFC96B28B1E05B007AEF5D /* Network */,
			);
			path = ReusableComponents;
			sourceTree = "<group>";
		};
		EEBFC96B28B1E05B007AEF5D /* Network */ = {
			isa = PBXGroup;
			children = (
				EEBFC96C28B1E05B007AEF5D /* PSJsonEncDec.swift */,
				EEBFC96D28B1E05B007AEF5D /* PSConfiguration.swift */,
				EEBFC96E28B1E05B007AEF5D /* APIManager.swift */,
				EEBFC96F28B1E05B007AEF5D /* PSJsonRequest.swift */,
			);
			path = Network;
			sourceTree = "<group>";
		};
		EEBFC97028B1E05B007AEF5D /* Extensions */ = {
			isa = PBXGroup;
			children = (
				EEBFC97128B1E05B007AEF5D /* ExtensionViews.swift */,
			);
			path = Extensions;
			sourceTree = "<group>";
		};
		EEBFC97728B1E083007AEF5D /* Resources */ = {
			isa = PBXGroup;
			children = (
				EEBFC92C28B108C5007AEF5D /* Assets.xcassets */,
				EEBFC92E28B108C5007AEF5D /* LaunchScreen.storyboard */,
				EEBFC93128B108C5007AEF5D /* Info.plist */,
			);
			name = Resources;
			sourceTree = "<group>";
		};
		EEBFC97928B1E0D6007AEF5D /* SupportingFiles */ = {
			isa = PBXGroup;
			children = (
				EEBFC92328B108C3007AEF5D /* AppDelegate.swift */,
			);
			name = SupportingFiles;
			sourceTree = "<group>";
		};
		EEBFC97A28B21E61007AEF5D /* PSRefresher */ = {
			isa = PBXGroup;
			children = (
				EEBFC97B28B21E79007AEF5D /* PSRefresher.swift */,
			);
			path = PSRefresher;
			sourceTree = "<group>";
		};
/* End PBXGroup section */

/* Begin PBXNativeTarget section */
		EEBFC91F28B108C3007AEF5D /* CandidateTest */ = {
			isa = PBXNativeTarget;
			buildConfigurationList = EEBFC94A28B108C5007AEF5D /* Build configuration list for PBXNativeTarget "CandidateTest" */;
			buildPhases = (
				E72730EAEED5D13F325B4349 /* [CP] Check Pods Manifest.lock */,
				EEBFC91C28B108C3007AEF5D /* Sources */,
				EEBFC91D28B108C3007AEF5D /* Frameworks */,
				EEBFC91E28B108C3007AEF5D /* Resources */,
			);
			buildRules = (
			);
			dependencies = (
			);
			name = CandidateTest;
			productName = CandidateTest;
			productReference = EEBFC92028B108C3007AEF5D /* CandidateTest.app */;
			productType = "com.apple.product-type.application";
		};
		EEBFC93528B108C5007AEF5D /* CandidateTestTests */ = {
			isa = PBXNativeTarget;
			buildConfigurationList = EEBFC94D28B108C5007AEF5D /* Build configuration list for PBXNativeTarget "CandidateTestTests" */;
			buildPhases = (
				D556C0619E71F25D5FB1A722 /* [CP] Check Pods Manifest.lock */,
				EEBFC93228B108C5007AEF5D /* Sources */,
				EEBFC93328B108C5007AEF5D /* Frameworks */,
				EEBFC93428B108C5007AEF5D /* Resources */,
			);
			buildRules = (
			);
			dependencies = (
				EEBFC93828B108C5007AEF5D /* PBXTargetDependency */,
			);
			name = CandidateTestTests;
			productName = CandidateTestTests;
			productReference = EEBFC93628B108C5007AEF5D /* CandidateTestTests.xctest */;
			productType = "com.apple.product-type.bundle.unit-test";
		};
		EEBFC93F28B108C5007AEF5D /* CandidateTestUITests */ = {
			isa = PBXNativeTarget;
			buildConfigurationList = EEBFC95028B108C5007AEF5D /* Build configuration list for PBXNativeTarget "CandidateTestUITests" */;
			buildPhases = (
				EEBFC93C28B108C5007AEF5D /* Sources */,
				EEBFC93D28B108C5007AEF5D /* Frameworks */,
				EEBFC93E28B108C5007AEF5D /* Resources */,
			);
			buildRules = (
			);
			dependencies = (
				EEBFC94228B108C5007AEF5D /* PBXTargetDependency */,
			);
			name = CandidateTestUITests;
			productName = CandidateTestUITests;
			productReference = EEBFC94028B108C5007AEF5D /* CandidateTestUITests.xctest */;
			productType = "com.apple.product-type.bundle.ui-testing";
		};
/* End PBXNativeTarget section */

/* Begin PBXProject section */
		EEBFC91828B108C3007AEF5D /* Project object */ = {
			isa = PBXProject;
			attributes = {
				BuildIndependentTargetsInParallel = 1;
				LastSwiftUpdateCheck = 1340;
				LastUpgradeCheck = 1340;
				TargetAttributes = {
					EEBFC91F28B108C3007AEF5D = {
						CreatedOnToolsVersion = 13.4.1;
					};
					EEBFC93528B108C5007AEF5D = {
						CreatedOnToolsVersion = 13.4.1;
						TestTargetID = EEBFC91F28B108C3007AEF5D;
					};
					EEBFC93F28B108C5007AEF5D = {
						CreatedOnToolsVersion = 13.4.1;
						TestTargetID = EEBFC91F28B108C3007AEF5D;
					};
				};
			};
			buildConfigurationList = EEBFC91B28B108C3007AEF5D /* Build configuration list for PBXProject "CandidateTest" */;
			compatibilityVersion = "Xcode 13.0";
			developmentRegion = en;
			hasScannedForEncodings = 0;
			knownRegions = (
				en,
				Base,
			);
			mainGroup = EEBFC91728B108C3007AEF5D;
			productRefGroup = EEBFC92128B108C3007AEF5D /* Products */;
			projectDirPath = "";
			projectRoot = "";
			targets = (
				EEBFC91F28B108C3007AEF5D /* CandidateTest */,
				EEBFC93528B108C5007AEF5D /* CandidateTestTests */,
				EEBFC93F28B108C5007AEF5D /* CandidateTestUITests */,
			);
		};
/* End PBXProject section */

/* Begin PBXResourcesBuildPhase section */
		EEBFC91E28B108C3007AEF5D /* Resources */ = {
			isa = PBXResourcesBuildPhase;
			buildActionMask = 2147483647;
			files = (
				EEBFC93028B108C5007AEF5D /* LaunchScreen.storyboard in Resources */,
				EEBFC92D28B108C5007AEF5D /* Assets.xcassets in Resources */,
			);
			runOnlyForDeploymentPostprocessing = 0;
		};
		EEBFC93428B108C5007AEF5D /* Resources */ = {
			isa = PBXResourcesBuildPhase;
			buildActionMask = 2147483647;
			files = (
			);
			runOnlyForDeploymentPostprocessing = 0;
		};
		EEBFC93E28B108C5007AEF5D /* Resources */ = {
			isa = PBXResourcesBuildPhase;
			buildActionMask = 2147483647;
			files = (
			);
			runOnlyForDeploymentPostprocessing = 0;
		};
/* End PBXResourcesBuildPhase section */

/* Begin PBXShellScriptBuildPhase section */
		D556C0619E71F25D5FB1A722 /* [CP] Check Pods Manifest.lock */ = {
			isa = PBXShellScriptBuildPhase;
			buildActionMask = 2147483647;
			files = (
			);
			inputFileListPaths = (
			);
			inputPaths = (
				"${PODS_PODFILE_DIR_PATH}/Podfile.lock",
				"${PODS_ROOT}/Manifest.lock",
			);
			name = "[CP] Check Pods Manifest.lock";
			outputFileListPaths = (
			);
			outputPaths = (
				"$(DERIVED_FILE_DIR)/Pods-CandidateTestTests-checkManifestLockResult.txt",
			);
			runOnlyForDeploymentPostprocessing = 0;
			shellPath = /bin/sh;
			shellScript = "diff \"${PODS_PODFILE_DIR_PATH}/Podfile.lock\" \"${PODS_ROOT}/Manifest.lock\" > /dev/null\nif [ $? != 0 ] ; then\n    # print error to STDERR\n    echo \"error: The sandbox is not in sync with the Podfile.lock. Run 'pod install' or update your CocoaPods installation.\" >&2\n    exit 1\nfi\n# This output is used by Xcode 'outputs' to avoid re-running this script phase.\necho \"SUCCESS\" > \"${SCRIPT_OUTPUT_FILE_0}\"\n";
			showEnvVarsInLog = 0;
		};
		E72730EAEED5D13F325B4349 /* [CP] Check Pods Manifest.lock */ = {
			isa = PBXShellScriptBuildPhase;
			buildActionMask = 2147483647;
			files = (
			);
			inputFileListPaths = (
			);
			inputPaths = (
				"${PODS_PODFILE_DIR_PATH}/Podfile.lock",
				"${PODS_ROOT}/Manifest.lock",
			);
			name = "[CP] Check Pods Manifest.lock";
			outputFileListPaths = (
			);
			outputPaths = (
				"$(DERIVED_FILE_DIR)/Pods-CandidateTest-checkManifestLockResult.txt",
			);
			runOnlyForDeploymentPostprocessing = 0;
			shellPath = /bin/sh;
			shellScript = "diff \"${PODS_PODFILE_DIR_PATH}/Podfile.lock\" \"${PODS_ROOT}/Manifest.lock\" > /dev/null\nif [ $? != 0 ] ; then\n    # print error to STDERR\n    echo \"error: The sandbox is not in sync with the Podfile.lock. Run 'pod install' or update your CocoaPods installation.\" >&2\n    exit 1\nfi\n# This output is used by Xcode 'outputs' to avoid re-running this script phase.\necho \"SUCCESS\" > \"${SCRIPT_OUTPUT_FILE_0}\"\n";
			showEnvVarsInLog = 0;
		};
/* End PBXShellScriptBuildPhase section */

/* Begin PBXSourcesBuildPhase section */
		EEBFC91C28B108C3007AEF5D /* Sources */ = {
			isa = PBXSourcesBuildPhase;
			buildActionMask = 2147483647;
			files = (
				EEBFC97428B1E05B007AEF5D /* APIManager.swift in Sources */,
				EEBFC95D28B1DAF2007AEF5D /* GiftListVM.swift in Sources */,
				EEBFC97C28B21E79007AEF5D /* PSRefresher.swift in Sources */,
				EEBFC95F28B1DAFE007AEF5D /* Gift.swift in Sources */,
				EEBFC96828B1DEF2007AEF5D /* CellForGiftList.swift in Sources */,
				EEBFC96528B1DB60007AEF5D /* DetailOfGiftVC.swift in Sources */,
				EEBFC97228B1E05B007AEF5D /* PSJsonEncDec.swift in Sources */,
				EEBFC97328B1E05B007AEF5D /* PSConfiguration.swift in Sources */,
				EEBFC96128B1DB25007AEF5D /* GiftListVC.swift in Sources */,
				EEBFC96328B1DB42007AEF5D /* DetailOfGiftVM.swift in Sources */,
				EEBFC97528B1E05B007AEF5D /* PSJsonRequest.swift in Sources */,
				EEBFC92428B108C3007AEF5D /* AppDelegate.swift in Sources */,
				EEBFC97628B1E05B007AEF5D /* ExtensionViews.swift in Sources */,
			);
			runOnlyForDeploymentPostprocessing = 0;
		};
		EEBFC93228B108C5007AEF5D /* Sources */ = {
			isa = PBXSourcesBuildPhase;
			buildActionMask = 2147483647;
			files = (
				EEBFC93B28B108C5007AEF5D /* CandidateTestTests.swift in Sources */,
			);
			runOnlyForDeploymentPostprocessing = 0;
		};
		EEBFC93C28B108C5007AEF5D /* Sources */ = {
			isa = PBXSourcesBuildPhase;
			buildActionMask = 2147483647;
			files = (
				EEBFC94728B108C5007AEF5D /* CandidateTestUITestsLaunchTests.swift in Sources */,
				EEBFC94528B108C5007AEF5D /* CandidateTestUITests.swift in Sources */,
			);
			runOnlyForDeploymentPostprocessing = 0;
		};
/* End PBXSourcesBuildPhase section */

/* Begin PBXTargetDependency section */
		EEBFC93828B108C5007AEF5D /* PBXTargetDependency */ = {
			isa = PBXTargetDependency;
			target = EEBFC91F28B108C3007AEF5D /* CandidateTest */;
			targetProxy = EEBFC93728B108C5007AEF5D /* PBXContainerItemProxy */;
		};
		EEBFC94228B108C5007AEF5D /* PBXTargetDependency */ = {
			isa = PBXTargetDependency;
			target = EEBFC91F28B108C3007AEF5D /* CandidateTest */;
			targetProxy = EEBFC94128B108C5007AEF5D /* PBXContainerItemProxy */;
		};
/* End PBXTargetDependency section */

/* Begin PBXVariantGroup section */
		EEBFC92E28B108C5007AEF5D /* LaunchScreen.storyboard */ = {
			isa = PBXVariantGroup;
			children = (
				EEBFC92F28B108C5007AEF5D /* Base */,
			);
			name = LaunchScreen.storyboard;
			sourceTree = "<group>";
		};
/* End PBXVariantGroup section */

/* Begin XCBuildConfiguration section */
		EEBFC94828B108C5007AEF5D /* Debug */ = {
			isa = XCBuildConfiguration;
			buildSettings = {
				ALWAYS_SEARCH_USER_PATHS = NO;
				CLANG_ANALYZER_NONNULL = YES;
				CLANG_ANALYZER_NUMBER_OBJECT_CONVERSION = YES_AGGRESSIVE;
				CLANG_CXX_LANGUAGE_STANDARD = "gnu++17";
				CLANG_ENABLE_MODULES = YES;
				CLANG_ENABLE_OBJC_ARC = YES;
				CLANG_ENABLE_OBJC_WEAK = YES;
				CLANG_WARN_BLOCK_CAPTURE_AUTORELEASING = YES;
				CLANG_WARN_BOOL_CONVERSION = YES;
				CLANG_WARN_COMMA = YES;
				CLANG_WARN_CONSTANT_CONVERSION = YES;
				CLANG_WARN_DEPRECATED_OBJC_IMPLEMENTATIONS = YES;
				CLANG_WARN_DIRECT_OBJC_ISA_USAGE = YES_ERROR;
				CLANG_WARN_DOCUMENTATION_COMMENTS = YES;
				CLANG_WARN_EMPTY_BODY = YES;
				CLANG_WARN_ENUM_CONVERSION = YES;
				CLANG_WARN_INFINITE_RECURSION = YES;
				CLANG_WARN_INT_CONVERSION = YES;
				CLANG_WARN_NON_LITERAL_NULL_CONVERSION = YES;
				CLANG_WARN_OBJC_IMPLICIT_RETAIN_SELF = YES;
				CLANG_WARN_OBJC_LITERAL_CONVERSION = YES;
				CLANG_WARN_OBJC_ROOT_CLASS = YES_ERROR;
				CLANG_WARN_QUOTED_INCLUDE_IN_FRAMEWORK_HEADER = YES;
				CLANG_WARN_RANGE_LOOP_ANALYSIS = YES;
				CLANG_WARN_STRICT_PROTOTYPES = YES;
				CLANG_WARN_SUSPICIOUS_MOVE = YES;
				CLANG_WARN_UNGUARDED_AVAILABILITY = YES_AGGRESSIVE;
				CLANG_WARN_UNREACHABLE_CODE = YES;
				CLANG_WARN__DUPLICATE_METHOD_MATCH = YES;
				COPY_PHASE_STRIP = NO;
				DEBUG_INFORMATION_FORMAT = dwarf;
				ENABLE_STRICT_OBJC_MSGSEND = YES;
				ENABLE_TESTABILITY = YES;
				GCC_C_LANGUAGE_STANDARD = gnu11;
				GCC_DYNAMIC_NO_PIC = NO;
				GCC_NO_COMMON_BLOCKS = YES;
				GCC_OPTIMIZATION_LEVEL = 0;
				GCC_PREPROCESSOR_DEFINITIONS = (
					"DEBUG=1",
					"$(inherited)",
				);
				GCC_WARN_64_TO_32_BIT_CONVERSION = YES;
				GCC_WARN_ABOUT_RETURN_TYPE = YES_ERROR;
				GCC_WARN_UNDECLARED_SELECTOR = YES;
				GCC_WARN_UNINITIALIZED_AUTOS = YES_AGGRESSIVE;
				GCC_WARN_UNUSED_FUNCTION = YES;
				GCC_WARN_UNUSED_VARIABLE = YES;
				IPHONEOS_DEPLOYMENT_TARGET = 15.5;
				MTL_ENABLE_DEBUG_INFO = INCLUDE_SOURCE;
				MTL_FAST_MATH = YES;
				ONLY_ACTIVE_ARCH = YES;
				SDKROOT = iphoneos;
				SWIFT_ACTIVE_COMPILATION_CONDITIONS = DEBUG;
				SWIFT_OPTIMIZATION_LEVEL = "-Onone";
			};
			name = Debug;
		};
		EEBFC94928B108C5007AEF5D /* Release */ = {
			isa = XCBuildConfiguration;
			buildSettings = {
				ALWAYS_SEARCH_USER_PATHS = NO;
				CLANG_ANALYZER_NONNULL = YES;
				CLANG_ANALYZER_NUMBER_OBJECT_CONVERSION = YES_AGGRESSIVE;
				CLANG_CXX_LANGUAGE_STANDARD = "gnu++17";
				CLANG_ENABLE_MODULES = YES;
				CLANG_ENABLE_OBJC_ARC = YES;
				CLANG_ENABLE_OBJC_WEAK = YES;
				CLANG_WARN_BLOCK_CAPTURE_AUTORELEASING = YES;
				CLANG_WARN_BOOL_CONVERSION = YES;
				CLANG_WARN_COMMA = YES;
				CLANG_WARN_CONSTANT_CONVERSION = YES;
				CLANG_WARN_DEPRECATED_OBJC_IMPLEMENTATIONS = YES;
				CLANG_WARN_DIRECT_OBJC_ISA_USAGE = YES_ERROR;
				CLANG_WARN_DOCUMENTATION_COMMENTS = YES;
				CLANG_WARN_EMPTY_BODY = YES;
				CLANG_WARN_ENUM_CONVERSION = YES;
				CLANG_WARN_INFINITE_RECURSION = YES;
				CLANG_WARN_INT_CONVERSION = YES;
				CLANG_WARN_NON_LITERAL_NULL_CONVERSION = YES;
				CLANG_WARN_OBJC_IMPLICIT_RETAIN_SELF = YES;
				CLANG_WARN_OBJC_LITERAL_CONVERSION = YES;
				CLANG_WARN_OBJC_ROOT_CLASS = YES_ERROR;
				CLANG_WARN_QUOTED_INCLUDE_IN_FRAMEWORK_HEADER = YES;
				CLANG_WARN_RANGE_LOOP_ANALYSIS = YES;
				CLANG_WARN_STRICT_PROTOTYPES = YES;
				CLANG_WARN_SUSPICIOUS_MOVE = YES;
				CLANG_WARN_UNGUARDED_AVAILABILITY = YES_AGGRESSIVE;
				CLANG_WARN_UNREACHABLE_CODE = YES;
				CLANG_WARN__DUPLICATE_METHOD_MATCH = YES;
				COPY_PHASE_STRIP = NO;
				DEBUG_INFORMATION_FORMAT = "dwarf-with-dsym";
				ENABLE_NS_ASSERTIONS = NO;
				ENABLE_STRICT_OBJC_MSGSEND = YES;
				GCC_C_LANGUAGE_STANDARD = gnu11;
				GCC_NO_COMMON_BLOCKS = YES;
				GCC_WARN_64_TO_32_BIT_CONVERSION = YES;
				GCC_WARN_ABOUT_RETURN_TYPE = YES_ERROR;
				GCC_WARN_UNDECLARED_SELECTOR = YES;
				GCC_WARN_UNINITIALIZED_AUTOS = YES_AGGRESSIVE;
				GCC_WARN_UNUSED_FUNCTION = YES;
				GCC_WARN_UNUSED_VARIABLE = YES;
				IPHONEOS_DEPLOYMENT_TARGET = 15.5;
				MTL_ENABLE_DEBUG_INFO = NO;
				MTL_FAST_MATH = YES;
				SDKROOT = iphoneos;
				SWIFT_COMPILATION_MODE = wholemodule;
				SWIFT_OPTIMIZATION_LEVEL = "-O";
				VALIDATE_PRODUCT = YES;
			};
			name = Release;
		};
		EEBFC94B28B108C5007AEF5D /* Debug */ = {
			isa = XCBuildConfiguration;
			baseConfigurationReference = D0716A2CCE1CFC4819E332C4 /* Pods-CandidateTest.debug.xcconfig */;
			buildSettings = {
				ASSETCATALOG_COMPILER_APPICON_NAME = AppIcon;
				ASSETCATALOG_COMPILER_GLOBAL_ACCENT_COLOR_NAME = AccentColor;
				CODE_SIGN_STYLE = Manual;
				CURRENT_PROJECT_VERSION = 1;
				DEVELOPMENT_TEAM = "";
				GENERATE_INFOPLIST_FILE = YES;
				INFOPLIST_FILE = CandidateTest/Info.plist;
				INFOPLIST_KEY_UIApplicationSupportsIndirectInputEvents = YES;
				INFOPLIST_KEY_UILaunchStoryboardName = LaunchScreen;
				INFOPLIST_KEY_UISupportedInterfaceOrientations = UIInterfaceOrientationPortrait;
				INFOPLIST_KEY_UISupportedInterfaceOrientations_iPad = "UIInterfaceOrientationPortrait UIInterfaceOrientationPortraitUpsideDown UIInterfaceOrientationLandscapeLeft UIInterfaceOrientationLandscapeRight";
				INFOPLIST_KEY_UISupportedInterfaceOrientations_iPhone = "UIInterfaceOrientationPortrait UIInterfaceOrientationLandscapeLeft UIInterfaceOrientationLandscapeRight";
				LD_RUNPATH_SEARCH_PATHS = (
					"$(inherited)",
					"@executable_path/Frameworks",
				);
				MARKETING_VERSION = 1.0;
				PRODUCT_BUNDLE_IDENTIFIER = com.zip.CandidateTest;
				PRODUCT_NAME = "$(TARGET_NAME)";
				PROVISIONING_PROFILE_SPECIFIER = "";
				SWIFT_EMIT_LOC_STRINGS = YES;
				SWIFT_VERSION = 5.0;
				TARGETED_DEVICE_FAMILY = 1;
			};
			name = Debug;
		};
		EEBFC94C28B108C5007AEF5D /* Release */ = {
			isa = XCBuildConfiguration;
			baseConfigurationReference = 7CA63325C1FDA4EA1BF8FB98 /* Pods-CandidateTest.release.xcconfig */;
			buildSettings = {
				ASSETCATALOG_COMPILER_APPICON_NAME = AppIcon;
				ASSETCATALOG_COMPILER_GLOBAL_ACCENT_COLOR_NAME = AccentColor;
				CODE_SIGN_STYLE = Manual;
				CURRENT_PROJECT_VERSION = 1;
				DEVELOPMENT_TEAM = "";
				GENERATE_INFOPLIST_FILE = YES;
				INFOPLIST_FILE = CandidateTest/Info.plist;
				INFOPLIST_KEY_UIApplicationSupportsIndirectInputEvents = YES;
				INFOPLIST_KEY_UILaunchStoryboardName = LaunchScreen;
				INFOPLIST_KEY_UISupportedInterfaceOrientations = UIInterfaceOrientationPortrait;
				INFOPLIST_KEY_UISupportedInterfaceOrientations_iPad = "UIInterfaceOrientationPortrait UIInterfaceOrientationPortraitUpsideDown UIInterfaceOrientationLandscapeLeft UIInterfaceOrientationLandscapeRight";
				INFOPLIST_KEY_UISupportedInterfaceOrientations_iPhone = "UIInterfaceOrientationPortrait UIInterfaceOrientationLandscapeLeft UIInterfaceOrientationLandscapeRight";
				LD_RUNPATH_SEARCH_PATHS = (
					"$(inherited)",
					"@executable_path/Frameworks",
				);
				MARKETING_VERSION = 1.0;
				PRODUCT_BUNDLE_IDENTIFIER = com.zip.CandidateTest;
				PRODUCT_NAME = "$(TARGET_NAME)";
				PROVISIONING_PROFILE_SPECIFIER = "";
				SWIFT_EMIT_LOC_STRINGS = YES;
				SWIFT_VERSION = 5.0;
				TARGETED_DEVICE_FAMILY = 1;
			};
			name = Release;
		};
		EEBFC94E28B108C5007AEF5D /* Debug */ = {
			isa = XCBuildConfiguration;
			baseConfigurationReference = 0207151CEA42B95EB90413A5 /* Pods-CandidateTestTests.debug.xcconfig */;
			buildSettings = {
				ALWAYS_EMBED_SWIFT_STANDARD_LIBRARIES = YES;
				BUNDLE_LOADER = "$(TEST_HOST)";
				CODE_SIGN_STYLE = Automatic;
				CURRENT_PROJECT_VERSION = 1;
				GENERATE_INFOPLIST_FILE = YES;
				IPHONEOS_DEPLOYMENT_TARGET = 15.5;
				MARKETING_VERSION = 1.0;
				PRODUCT_BUNDLE_IDENTIFIER = com.zip.CandidateTestTests;
				PRODUCT_NAME = "$(TARGET_NAME)";
				SWIFT_EMIT_LOC_STRINGS = NO;
				SWIFT_VERSION = 5.0;
				TARGETED_DEVICE_FAMILY = "1,2";
				TEST_HOST = "$(BUILT_PRODUCTS_DIR)/CandidateTest.app/CandidateTest";
			};
			name = Debug;
		};
		EEBFC94F28B108C5007AEF5D /* Release */ = {
			isa = XCBuildConfiguration;
			baseConfigurationReference = 5E76D31B0465F1A50733D548 /* Pods-CandidateTestTests.release.xcconfig */;
			buildSettings = {
				ALWAYS_EMBED_SWIFT_STANDARD_LIBRARIES = YES;
				BUNDLE_LOADER = "$(TEST_HOST)";
				CODE_SIGN_STYLE = Automatic;
				CURRENT_PROJECT_VERSION = 1;
				GENERATE_INFOPLIST_FILE = YES;
				IPHONEOS_DEPLOYMENT_TARGET = 15.5;
				MARKETING_VERSION = 1.0;
				PRODUCT_BUNDLE_IDENTIFIER = com.zip.CandidateTestTests;
				PRODUCT_NAME = "$(TARGET_NAME)";
				SWIFT_EMIT_LOC_STRINGS = NO;
				SWIFT_VERSION = 5.0;
				TARGETED_DEVICE_FAMILY = "1,2";
				TEST_HOST = "$(BUILT_PRODUCTS_DIR)/CandidateTest.app/CandidateTest";
			};
			name = Release;
		};
		EEBFC95128B108C5007AEF5D /* Debug */ = {
			isa = XCBuildConfiguration;
			buildSettings = {
				ALWAYS_EMBED_SWIFT_STANDARD_LIBRARIES = YES;
				CODE_SIGN_STYLE = Automatic;
				CURRENT_PROJECT_VERSION = 1;
				GENERATE_INFOPLIST_FILE = YES;
				MARKETING_VERSION = 1.0;
				PRODUCT_BUNDLE_IDENTIFIER = com.zip.CandidateTestUITests;
				PRODUCT_NAME = "$(TARGET_NAME)";
				SWIFT_EMIT_LOC_STRINGS = NO;
				SWIFT_VERSION = 5.0;
				TARGETED_DEVICE_FAMILY = "1,2";
				TEST_TARGET_NAME = CandidateTest;
			};
			name = Debug;
		};
		EEBFC95228B108C5007AEF5D /* Release */ = {
			isa = XCBuildConfiguration;
			buildSettings = {
				ALWAYS_EMBED_SWIFT_STANDARD_LIBRARIES = YES;
				CODE_SIGN_STYLE = Automatic;
				CURRENT_PROJECT_VERSION = 1;
				GENERATE_INFOPLIST_FILE = YES;
				MARKETING_VERSION = 1.0;
				PRODUCT_BUNDLE_IDENTIFIER = com.zip.CandidateTestUITests;
				PRODUCT_NAME = "$(TARGET_NAME)";
				SWIFT_EMIT_LOC_STRINGS = NO;
				SWIFT_VERSION = 5.0;
				TARGETED_DEVICE_FAMILY = "1,2";
				TEST_TARGET_NAME = CandidateTest;
			};
			name = Release;
		};
/* End XCBuildConfiguration section */

/* Begin XCConfigurationList section */
		EEBFC91B28B108C3007AEF5D /* Build configuration list for PBXProject "CandidateTest" */ = {
			isa = XCConfigurationList;
			buildConfigurations = (
				EEBFC94828B108C5007AEF5D /* Debug */,
				EEBFC94928B108C5007AEF5D /* Release */,
			);
			defaultConfigurationIsVisible = 0;
			defaultConfigurationName = Release;
		};
		EEBFC94A28B108C5007AEF5D /* Build configuration list for PBXNativeTarget "CandidateTest" */ = {
			isa = XCConfigurationList;
			buildConfigurations = (
				EEBFC94B28B108C5007AEF5D /* Debug */,
				EEBFC94C28B108C5007AEF5D /* Release */,
			);
			defaultConfigurationIsVisible = 0;
			defaultConfigurationName = Release;
		};
		EEBFC94D28B108C5007AEF5D /* Build configuration list for PBXNativeTarget "CandidateTestTests" */ = {
			isa = XCConfigurationList;
			buildConfigurations = (
				EEBFC94E28B108C5007AEF5D /* Debug */,
				EEBFC94F28B108C5007AEF5D /* Release */,
			);
			defaultConfigurationIsVisible = 0;
			defaultConfigurationName = Release;
		};
		EEBFC95028B108C5007AEF5D /* Build configuration list for PBXNativeTarget "CandidateTestUITests" */ = {
			isa = XCConfigurationList;
			buildConfigurations = (
				EEBFC95128B108C5007AEF5D /* Debug */,
				EEBFC95228B108C5007AEF5D /* Release */,
			);
			defaultConfigurationIsVisible = 0;
			defaultConfigurationName = Release;
		};
/* End XCConfigurationList section */
	};
	rootObject = EEBFC91828B108C3007AEF5D /* Project object */;
}
